// !$*UTF8*$!
{
	archiveVersion = 1;
	classes = {
	};
	objectVersion = 55;
	objects = {

/* Begin PBXBuildFile section */
		3901589B2A984424001BF219 /* RestaurantsNearMeApp.swift in Sources */ = {isa = PBXBuildFile; fileRef = 3901589A2A984424001BF219 /* RestaurantsNearMeApp.swift */; };
		3901589D2A984424001BF219 /* ContentView.swift in Sources */ = {isa = PBXBuildFile; fileRef = 3901589C2A984424001BF219 /* ContentView.swift */; };
		3901589F2A984428001BF219 /* Assets.xcassets in Resources */ = {isa = PBXBuildFile; fileRef = 3901589E2A984428001BF219 /* Assets.xcassets */; };
		390158A22A984428001BF219 /* Preview Assets.xcassets in Resources */ = {isa = PBXBuildFile; fileRef = 390158A12A984428001BF219 /* Preview Assets.xcassets */; };
		390570232B09962200BC0D66 /* Networking in Frameworks */ = {isa = PBXBuildFile; productRef = 390570222B09962200BC0D66 /* Networking */; };
		39477BD02B114A4500D9895B /* LoadingView.swift in Sources */ = {isa = PBXBuildFile; fileRef = 39477BCF2B114A4500D9895B /* LoadingView.swift */; };
		39477BD42B1191A200D9895B /* SplashScreenViewModel.swift in Sources */ = {isa = PBXBuildFile; fileRef = 39477BD32B1191A200D9895B /* SplashScreenViewModel.swift */; };
		39477BDD2B12A1E300D9895B /* Toast.swift in Sources */ = {isa = PBXBuildFile; fileRef = 39477BDC2B12A1E300D9895B /* Toast.swift */; };
		39477BEA2B14FF4600D9895B /* APIKey.swift in Sources */ = {isa = PBXBuildFile; fileRef = 39477BE92B14FF4600D9895B /* APIKey.swift */; };
		39477BEC2B150EC000D9895B /* CloudKitService.swift in Sources */ = {isa = PBXBuildFile; fileRef = 39477BEB2B150EC000D9895B /* CloudKitService.swift */; };
		39477BEE2B153E9200D9895B /* CloudKitServiceProviding.swift in Sources */ = {isa = PBXBuildFile; fileRef = 39477BED2B153E9200D9895B /* CloudKitServiceProviding.swift */; };
		39477BF02B1542F000D9895B /* CloudKitServiceError.swift in Sources */ = {isa = PBXBuildFile; fileRef = 39477BEF2B1542F000D9895B /* CloudKitServiceError.swift */; };
		394D6E812B2961DB0041B56E /* CloudKitServiceActor.swift in Sources */ = {isa = PBXBuildFile; fileRef = 394D6E802B2961DB0041B56E /* CloudKitServiceActor.swift */; };
		394D6E842B2A4C7F0041B56E /* AutoGeneratedMocks.swift in Sources */ = {isa = PBXBuildFile; fileRef = 394D6E832B2A4C7E0041B56E /* AutoGeneratedMocks.swift */; };
		39AE27842AFD5E9000BAAF6A /* APIKeyProvider.swift in Sources */ = {isa = PBXBuildFile; fileRef = 39AE27832AFD5E9000BAAF6A /* APIKeyProvider.swift */; };
/* End PBXBuildFile section */

/* Begin PBXFileReference section */
		390158972A984424001BF219 /* RestaurantsNearMe.app */ = {isa = PBXFileReference; explicitFileType = wrapper.application; includeInIndex = 0; path = RestaurantsNearMe.app; sourceTree = BUILT_PRODUCTS_DIR; };
		3901589A2A984424001BF219 /* RestaurantsNearMeApp.swift */ = {isa = PBXFileReference; lastKnownFileType = sourcecode.swift; path = RestaurantsNearMeApp.swift; sourceTree = "<group>"; };
		3901589C2A984424001BF219 /* ContentView.swift */ = {isa = PBXFileReference; lastKnownFileType = sourcecode.swift; path = ContentView.swift; sourceTree = "<group>"; };
		3901589E2A984428001BF219 /* Assets.xcassets */ = {isa = PBXFileReference; lastKnownFileType = folder.assetcatalog; path = Assets.xcassets; sourceTree = "<group>"; };
		390158A12A984428001BF219 /* Preview Assets.xcassets */ = {isa = PBXFileReference; lastKnownFileType = folder.assetcatalog; path = "Preview Assets.xcassets"; sourceTree = "<group>"; };
		39477BCF2B114A4500D9895B /* LoadingView.swift */ = {isa = PBXFileReference; lastKnownFileType = sourcecode.swift; path = LoadingView.swift; sourceTree = "<group>"; };
		39477BD32B1191A200D9895B /* SplashScreenViewModel.swift */ = {isa = PBXFileReference; lastKnownFileType = sourcecode.swift; path = SplashScreenViewModel.swift; sourceTree = "<group>"; };
		39477BDC2B12A1E300D9895B /* Toast.swift */ = {isa = PBXFileReference; lastKnownFileType = sourcecode.swift; path = Toast.swift; sourceTree = "<group>"; };
		39477BE92B14FF4600D9895B /* APIKey.swift */ = {isa = PBXFileReference; lastKnownFileType = sourcecode.swift; path = APIKey.swift; sourceTree = "<group>"; };
		39477BEB2B150EC000D9895B /* CloudKitService.swift */ = {isa = PBXFileReference; lastKnownFileType = sourcecode.swift; path = CloudKitService.swift; sourceTree = "<group>"; };
		39477BED2B153E9200D9895B /* CloudKitServiceProviding.swift */ = {isa = PBXFileReference; lastKnownFileType = sourcecode.swift; path = CloudKitServiceProviding.swift; sourceTree = "<group>"; };
		39477BEF2B1542F000D9895B /* CloudKitServiceError.swift */ = {isa = PBXFileReference; lastKnownFileType = sourcecode.swift; path = CloudKitServiceError.swift; sourceTree = "<group>"; };
		394D6E802B2961DB0041B56E /* CloudKitServiceActor.swift */ = {isa = PBXFileReference; lastKnownFileType = sourcecode.swift; path = CloudKitServiceActor.swift; sourceTree = "<group>"; };
		394D6E832B2A4C7E0041B56E /* AutoGeneratedMocks.swift */ = {isa = PBXFileReference; lastKnownFileType = sourcecode.swift; path = AutoGeneratedMocks.swift; sourceTree = "<group>"; };
		398AAD232AFD599C00274016 /* RestaurantsNearMe.entitlements */ = {isa = PBXFileReference; lastKnownFileType = text.plist.entitlements; path = RestaurantsNearMe.entitlements; sourceTree = "<group>"; };
		39AE27832AFD5E9000BAAF6A /* APIKeyProvider.swift */ = {isa = PBXFileReference; lastKnownFileType = sourcecode.swift; path = APIKeyProvider.swift; sourceTree = "<group>"; };
/* End PBXFileReference section */

/* Begin PBXFrameworksBuildPhase section */
		390158942A984424001BF219 /* Frameworks */ = {
			isa = PBXFrameworksBuildPhase;
			buildActionMask = 2147483647;
			files = (
				390570232B09962200BC0D66 /* Networking in Frameworks */,
			);
			runOnlyForDeploymentPostprocessing = 0;
		};
/* End PBXFrameworksBuildPhase section */

/* Begin PBXGroup section */
		3901588E2A984424001BF219 = {
			isa = PBXGroup;
			children = (
				390158992A984424001BF219 /* RestaurantsNearMe */,
				390158982A984424001BF219 /* Products */,
			);
			sourceTree = "<group>";
		};
		390158982A984424001BF219 /* Products */ = {
			isa = PBXGroup;
			children = (
				390158972A984424001BF219 /* RestaurantsNearMe.app */,
			);
			name = Products;
			sourceTree = "<group>";
		};
		390158992A984424001BF219 /* RestaurantsNearMe */ = {
			isa = PBXGroup;
			children = (
				39477BE82B14FF2300D9895B /* Data */,
				39477BDA2B11B40800D9895B /* Presentation */,
				39477BD52B11963D00D9895B /* Mocks */,
				398AAD232AFD599C00274016 /* RestaurantsNearMe.entitlements */,
				3901589A2A984424001BF219 /* RestaurantsNearMeApp.swift */,
				3901589E2A984428001BF219 /* Assets.xcassets */,
				390158A02A984428001BF219 /* Preview Content */,
			);
			path = RestaurantsNearMe;
			sourceTree = "<group>";
		};
		390158A02A984428001BF219 /* Preview Content */ = {
			isa = PBXGroup;
			children = (
				390158A12A984428001BF219 /* Preview Assets.xcassets */,
			);
			path = "Preview Content";
			sourceTree = "<group>";
		};
		39477BD52B11963D00D9895B /* Mocks */ = {
			isa = PBXGroup;
			children = (
				394D6E832B2A4C7E0041B56E /* AutoGeneratedMocks.swift */,
			);
			path = Mocks;
			sourceTree = "<group>";
		};
		39477BDA2B11B40800D9895B /* Presentation */ = {
			isa = PBXGroup;
			children = (
				39477BDB2B12A1C600D9895B /* Components */,
				3901589C2A984424001BF219 /* ContentView.swift */,
				39477BCF2B114A4500D9895B /* LoadingView.swift */,
				39477BD32B1191A200D9895B /* SplashScreenViewModel.swift */,
			);
			path = Presentation;
			sourceTree = "<group>";
		};
		39477BDB2B12A1C600D9895B /* Components */ = {
			isa = PBXGroup;
			children = (
				39477BDC2B12A1E300D9895B /* Toast.swift */,
			);
			path = Components;
			sourceTree = "<group>";
		};
		39477BE82B14FF2300D9895B /* Data */ = {
			isa = PBXGroup;
			children = (
				39477BF12B15433600D9895B /* Interfaces */,
				39AE27832AFD5E9000BAAF6A /* APIKeyProvider.swift */,
				39477BE92B14FF4600D9895B /* APIKey.swift */,
				39477BEB2B150EC000D9895B /* CloudKitService.swift */,
				39477BEF2B1542F000D9895B /* CloudKitServiceError.swift */,
				394D6E802B2961DB0041B56E /* CloudKitServiceActor.swift */,
			);
			path = Data;
			sourceTree = "<group>";
		};
		39477BF12B15433600D9895B /* Interfaces */ = {
			isa = PBXGroup;
			children = (
				39477BED2B153E9200D9895B /* CloudKitServiceProviding.swift */,
			);
			path = Interfaces;
			sourceTree = "<group>";
		};
/* End PBXGroup section */

/* Begin PBXNativeTarget section */
		390158962A984424001BF219 /* RestaurantsNearMe */ = {
			isa = PBXNativeTarget;
			buildConfigurationList = 390158A52A984428001BF219 /* Build configuration list for PBXNativeTarget "RestaurantsNearMe" */;
			buildPhases = (
				394D6E822B2A43C40041B56E /* ShellScript */,
				390158932A984424001BF219 /* Sources */,
				390158942A984424001BF219 /* Frameworks */,
				390158952A984424001BF219 /* Resources */,
			);
			buildRules = (
			);
			dependencies = (
			);
			name = RestaurantsNearMe;
			packageProductDependencies = (
				390570222B09962200BC0D66 /* Networking */,
			);
			productName = RestaurantsNearMe;
			productReference = 390158972A984424001BF219 /* RestaurantsNearMe.app */;
			productType = "com.apple.product-type.application";
		};
/* End PBXNativeTarget section */

/* Begin PBXProject section */
		3901588F2A984424001BF219 /* Project object */ = {
			isa = PBXProject;
			attributes = {
				BuildIndependentTargetsInParallel = 1;
				LastSwiftUpdateCheck = 1500;
				LastUpgradeCheck = 1340;
				TargetAttributes = {
					390158962A984424001BF219 = {
						CreatedOnToolsVersion = 13.4.1;
					};
				};
			};
			buildConfigurationList = 390158922A984424001BF219 /* Build configuration list for PBXProject "RestaurantsNearMe" */;
			compatibilityVersion = "Xcode 13.0";
			developmentRegion = en;
			hasScannedForEncodings = 0;
			knownRegions = (
				en,
				Base,
			);
			mainGroup = 3901588E2A984424001BF219;
			packageReferences = (
				390570212B09962200BC0D66 /* XCRemoteSwiftPackageReference "Networking" */,
			);
			productRefGroup = 390158982A984424001BF219 /* Products */;
			projectDirPath = "";
			projectRoot = "";
			targets = (
				390158962A984424001BF219 /* RestaurantsNearMe */,
			);
		};
/* End PBXProject section */

/* Begin PBXResourcesBuildPhase section */
		390158952A984424001BF219 /* Resources */ = {
			isa = PBXResourcesBuildPhase;
			buildActionMask = 2147483647;
			files = (
				390158A22A984428001BF219 /* Preview Assets.xcassets in Resources */,
				3901589F2A984428001BF219 /* Assets.xcassets in Resources */,
			);
			runOnlyForDeploymentPostprocessing = 0;
		};
/* End PBXResourcesBuildPhase section */

/* Begin PBXShellScriptBuildPhase section */
		394D6E822B2A43C40041B56E /* ShellScript */ = {
			isa = PBXShellScriptBuildPhase;
			alwaysOutOfDate = 1;
			buildActionMask = 2147483647;
			files = (
			);
			inputFileListPaths = (
			);
			inputPaths = (
			);
			outputFileListPaths = (
			);
			outputPaths = (
				"",
			);
			runOnlyForDeploymentPostprocessing = 0;
			shellPath = /bin/sh;
			shellScript = "SOURCERY=\"sourcery-2.1.2\"\n\"${PROJECT_DIR}/tools/${SOURCERY}/bin/sourcery\" --config \"${PROJECT_DIR}/tools/.sourcery.yml\" --verbose\n";
		};
/* End PBXShellScriptBuildPhase section */

/* Begin PBXSourcesBuildPhase section */
		390158932A984424001BF219 /* Sources */ = {
			isa = PBXSourcesBuildPhase;
			buildActionMask = 2147483647;
			files = (
				394D6E842B2A4C7F0041B56E /* AutoGeneratedMocks.swift in Sources */,
				3901589D2A984424001BF219 /* ContentView.swift in Sources */,
				3901589B2A984424001BF219 /* RestaurantsNearMeApp.swift in Sources */,
				394D6E812B2961DB0041B56E /* CloudKitServiceActor.swift in Sources */,
				39477BEA2B14FF4600D9895B /* APIKey.swift in Sources */,
				39477BD42B1191A200D9895B /* SplashScreenViewModel.swift in Sources */,
				39477BEC2B150EC000D9895B /* CloudKitService.swift in Sources */,
				39AE27842AFD5E9000BAAF6A /* APIKeyProvider.swift in Sources */,
				39477BEE2B153E9200D9895B /* CloudKitServiceProviding.swift in Sources */,
				39477BD02B114A4500D9895B /* LoadingView.swift in Sources */,
				39477BF02B1542F000D9895B /* CloudKitServiceError.swift in Sources */,
				39477BDD2B12A1E300D9895B /* Toast.swift in Sources */,
			);
			runOnlyForDeploymentPostprocessing = 0;
		};
/* End PBXSourcesBuildPhase section */

/* Begin XCBuildConfiguration section */
		390158A32A984428001BF219 /* Debug */ = {
			isa = XCBuildConfiguration;
			buildSettings = {
				ALWAYS_SEARCH_USER_PATHS = NO;
				CLANG_ANALYZER_NONNULL = YES;
				CLANG_ANALYZER_NUMBER_OBJECT_CONVERSION = YES_AGGRESSIVE;
				CLANG_CXX_LANGUAGE_STANDARD = "gnu++17";
				CLANG_ENABLE_MODULES = YES;
				CLANG_ENABLE_OBJC_ARC = YES;
				CLANG_ENABLE_OBJC_WEAK = YES;
				CLANG_WARN_BLOCK_CAPTURE_AUTORELEASING = YES;
				CLANG_WARN_BOOL_CONVERSION = YES;
				CLANG_WARN_COMMA = YES;
				CLANG_WARN_CONSTANT_CONVERSION = YES;
				CLANG_WARN_DEPRECATED_OBJC_IMPLEMENTATIONS = YES;
				CLANG_WARN_DIRECT_OBJC_ISA_USAGE = YES_ERROR;
				CLANG_WARN_DOCUMENTATION_COMMENTS = YES;
				CLANG_WARN_EMPTY_BODY = YES;
				CLANG_WARN_ENUM_CONVERSION = YES;
				CLANG_WARN_INFINITE_RECURSION = YES;
				CLANG_WARN_INT_CONVERSION = YES;
				CLANG_WARN_NON_LITERAL_NULL_CONVERSION = YES;
				CLANG_WARN_OBJC_IMPLICIT_RETAIN_SELF = YES;
				CLANG_WARN_OBJC_LITERAL_CONVERSION = YES;
				CLANG_WARN_OBJC_ROOT_CLASS = YES_ERROR;
				CLANG_WARN_QUOTED_INCLUDE_IN_FRAMEWORK_HEADER = YES;
				CLANG_WARN_RANGE_LOOP_ANALYSIS = YES;
				CLANG_WARN_STRICT_PROTOTYPES = YES;
				CLANG_WARN_SUSPICIOUS_MOVE = YES;
				CLANG_WARN_UNGUARDED_AVAILABILITY = YES_AGGRESSIVE;
				CLANG_WARN_UNREACHABLE_CODE = YES;
				CLANG_WARN__DUPLICATE_METHOD_MATCH = YES;
				COPY_PHASE_STRIP = NO;
				DEBUG_INFORMATION_FORMAT = dwarf;
				ENABLE_STRICT_OBJC_MSGSEND = YES;
				ENABLE_TESTABILITY = YES;
				GCC_C_LANGUAGE_STANDARD = gnu11;
				GCC_DYNAMIC_NO_PIC = NO;
				GCC_NO_COMMON_BLOCKS = YES;
				GCC_OPTIMIZATION_LEVEL = 0;
				GCC_PREPROCESSOR_DEFINITIONS = (
					"DEBUG=1",
					"$(inherited)",
				);
				GCC_WARN_64_TO_32_BIT_CONVERSION = YES;
				GCC_WARN_ABOUT_RETURN_TYPE = YES_ERROR;
				GCC_WARN_UNDECLARED_SELECTOR = YES;
				GCC_WARN_UNINITIALIZED_AUTOS = YES_AGGRESSIVE;
				GCC_WARN_UNUSED_FUNCTION = YES;
				GCC_WARN_UNUSED_VARIABLE = YES;
				IPHONEOS_DEPLOYMENT_TARGET = 15.5;
				MTL_ENABLE_DEBUG_INFO = INCLUDE_SOURCE;
				MTL_FAST_MATH = YES;
				ONLY_ACTIVE_ARCH = YES;
				SDKROOT = iphoneos;
				SWIFT_ACTIVE_COMPILATION_CONDITIONS = DEBUG;
				SWIFT_OPTIMIZATION_LEVEL = "-Onone";
			};
			name = Debug;
		};
		390158A42A984428001BF219 /* Release */ = {
			isa = XCBuildConfiguration;
			buildSettings = {
				ALWAYS_SEARCH_USER_PATHS = NO;
				CLANG_ANALYZER_NONNULL = YES;
				CLANG_ANALYZER_NUMBER_OBJECT_CONVERSION = YES_AGGRESSIVE;
				CLANG_CXX_LANGUAGE_STANDARD = "gnu++17";
				CLANG_ENABLE_MODULES = YES;
				CLANG_ENABLE_OBJC_ARC = YES;
				CLANG_ENABLE_OBJC_WEAK = YES;
				CLANG_WARN_BLOCK_CAPTURE_AUTORELEASING = YES;
				CLANG_WARN_BOOL_CONVERSION = YES;
				CLANG_WARN_COMMA = YES;
				CLANG_WARN_CONSTANT_CONVERSION = YES;
				CLANG_WARN_DEPRECATED_OBJC_IMPLEMENTATIONS = YES;
				CLANG_WARN_DIRECT_OBJC_ISA_USAGE = YES_ERROR;
				CLANG_WARN_DOCUMENTATION_COMMENTS = YES;
				CLANG_WARN_EMPTY_BODY = YES;
				CLANG_WARN_ENUM_CONVERSION = YES;
				CLANG_WARN_INFINITE_RECURSION = YES;
				CLANG_WARN_INT_CONVERSION = YES;
				CLANG_WARN_NON_LITERAL_NULL_CONVERSION = YES;
				CLANG_WARN_OBJC_IMPLICIT_RETAIN_SELF = YES;
				CLANG_WARN_OBJC_LITERAL_CONVERSION = YES;
				CLANG_WARN_OBJC_ROOT_CLASS = YES_ERROR;
				CLANG_WARN_QUOTED_INCLUDE_IN_FRAMEWORK_HEADER = YES;
				CLANG_WARN_RANGE_LOOP_ANALYSIS = YES;
				CLANG_WARN_STRICT_PROTOTYPES = YES;
				CLANG_WARN_SUSPICIOUS_MOVE = YES;
				CLANG_WARN_UNGUARDED_AVAILABILITY = YES_AGGRESSIVE;
				CLANG_WARN_UNREACHABLE_CODE = YES;
				CLANG_WARN__DUPLICATE_METHOD_MATCH = YES;
				COPY_PHASE_STRIP = NO;
				DEBUG_INFORMATION_FORMAT = "dwarf-with-dsym";
				ENABLE_NS_ASSERTIONS = NO;
				ENABLE_STRICT_OBJC_MSGSEND = YES;
				GCC_C_LANGUAGE_STANDARD = gnu11;
				GCC_NO_COMMON_BLOCKS = YES;
				GCC_WARN_64_TO_32_BIT_CONVERSION = YES;
				GCC_WARN_ABOUT_RETURN_TYPE = YES_ERROR;
				GCC_WARN_UNDECLARED_SELECTOR = YES;
				GCC_WARN_UNINITIALIZED_AUTOS = YES_AGGRESSIVE;
				GCC_WARN_UNUSED_FUNCTION = YES;
				GCC_WARN_UNUSED_VARIABLE = YES;
				IPHONEOS_DEPLOYMENT_TARGET = 15.5;
				MTL_ENABLE_DEBUG_INFO = NO;
				MTL_FAST_MATH = YES;
				SDKROOT = iphoneos;
				SWIFT_COMPILATION_MODE = wholemodule;
				SWIFT_OPTIMIZATION_LEVEL = "-O";
				VALIDATE_PRODUCT = YES;
			};
			name = Release;
		};
		390158A62A984428001BF219 /* Debug */ = {
			isa = XCBuildConfiguration;
			buildSettings = {
				ASSETCATALOG_COMPILER_APPICON_NAME = AppIcon;
				ASSETCATALOG_COMPILER_GLOBAL_ACCENT_COLOR_NAME = AccentColor;
				CODE_SIGN_ENTITLEMENTS = RestaurantsNearMe/RestaurantsNearMe.entitlements;
				CODE_SIGN_STYLE = Automatic;
				CURRENT_PROJECT_VERSION = 1;
				DEVELOPMENT_ASSET_PATHS = "\"RestaurantsNearMe/Preview Content\"";
				DEVELOPMENT_TEAM = J4WNCMKS3F;
				ENABLE_PREVIEWS = YES;
				GENERATE_INFOPLIST_FILE = YES;
				INFOPLIST_KEY_UIApplicationSceneManifest_Generation = YES;
				INFOPLIST_KEY_UIApplicationSupportsIndirectInputEvents = YES;
				INFOPLIST_KEY_UILaunchScreen_Generation = YES;
				INFOPLIST_KEY_UISupportedInterfaceOrientations_iPad = "UIInterfaceOrientationPortrait UIInterfaceOrientationPortraitUpsideDown UIInterfaceOrientationLandscapeLeft UIInterfaceOrientationLandscapeRight";
				INFOPLIST_KEY_UISupportedInterfaceOrientations_iPhone = "UIInterfaceOrientationPortrait UIInterfaceOrientationLandscapeLeft UIInterfaceOrientationLandscapeRight";
				IPHONEOS_DEPLOYMENT_TARGET = 17.0;
				LD_RUNPATH_SEARCH_PATHS = (
					"$(inherited)",
					"@executable_path/Frameworks",
				);
				MARKETING_VERSION = 1.0;
				PRODUCT_BUNDLE_IDENTIFIER = cnevans.96.RestaurantsNearMe;
				PRODUCT_NAME = "$(TARGET_NAME)";
				SWIFT_EMIT_LOC_STRINGS = YES;
				SWIFT_VERSION = 5.0;
				TARGETED_DEVICE_FAMILY = "1,2";
			};
			name = Debug;
		};
		390158A72A984428001BF219 /* Release */ = {
			isa = XCBuildConfiguration;
			buildSettings = {
				ASSETCATALOG_COMPILER_APPICON_NAME = AppIcon;
				ASSETCATALOG_COMPILER_GLOBAL_ACCENT_COLOR_NAME = AccentColor;
				CODE_SIGN_ENTITLEMENTS = RestaurantsNearMe/RestaurantsNearMe.entitlements;
				CODE_SIGN_STYLE = Automatic;
				CURRENT_PROJECT_VERSION = 1;
				DEVELOPMENT_ASSET_PATHS = "\"RestaurantsNearMe/Preview Content\"";
				DEVELOPMENT_TEAM = J4WNCMKS3F;
				ENABLE_PREVIEWS = YES;
				GENERATE_INFOPLIST_FILE = YES;
				INFOPLIST_KEY_UIApplicationSceneManifest_Generation = YES;
				INFOPLIST_KEY_UIApplicationSupportsIndirectInputEvents = YES;
				INFOPLIST_KEY_UILaunchScreen_Generation = YES;
				INFOPLIST_KEY_UISupportedInterfaceOrientations_iPad = "UIInterfaceOrientationPortrait UIInterfaceOrientationPortraitUpsideDown UIInterfaceOrientationLandscapeLeft UIInterfaceOrientationLandscapeRight";
				INFOPLIST_KEY_UISupportedInterfaceOrientations_iPhone = "UIInterfaceOrientationPortrait UIInterfaceOrientationLandscapeLeft UIInterfaceOrientationLandscapeRight";
				IPHONEOS_DEPLOYMENT_TARGET = 17.0;
				LD_RUNPATH_SEARCH_PATHS = (
					"$(inherited)",
					"@executable_path/Frameworks",
				);
				MARKETING_VERSION = 1.0;
				PRODUCT_BUNDLE_IDENTIFIER = cnevans.96.RestaurantsNearMe;
				PRODUCT_NAME = "$(TARGET_NAME)";
				SWIFT_EMIT_LOC_STRINGS = YES;
				SWIFT_VERSION = 5.0;
				TARGETED_DEVICE_FAMILY = "1,2";
			};
			name = Release;
		};
/* End XCBuildConfiguration section */

/* Begin XCConfigurationList section */
		390158922A984424001BF219 /* Build configuration list for PBXProject "RestaurantsNearMe" */ = {
			isa = XCConfigurationList;
			buildConfigurations = (
				390158A32A984428001BF219 /* Debug */,
				390158A42A984428001BF219 /* Release */,
			);
			defaultConfigurationIsVisible = 0;
			defaultConfigurationName = Release;
		};
		390158A52A984428001BF219 /* Build configuration list for PBXNativeTarget "RestaurantsNearMe" */ = {
			isa = XCConfigurationList;
			buildConfigurations = (
				390158A62A984428001BF219 /* Debug */,
				390158A72A984428001BF219 /* Release */,
			);
			defaultConfigurationIsVisible = 0;
			defaultConfigurationName = Release;
		};
/* End XCConfigurationList section */

/* Begin XCRemoteSwiftPackageReference section */
		390570212B09962200BC0D66 /* XCRemoteSwiftPackageReference "Networking" */ = {
			isa = XCRemoteSwiftPackageReference;
			repositoryURL = "https://github.com/ColinEvans/Networking";
			requirement = {
				branch = develop;
				kind = branch;
			};
		};
/* End XCRemoteSwiftPackageReference section */

/* Begin XCSwiftPackageProductDependency section */
		390570222B09962200BC0D66 /* Networking */ = {
			isa = XCSwiftPackageProductDependency;
			package = 390570212B09962200BC0D66 /* XCRemoteSwiftPackageReference "Networking" */;
			productName = Networking;
		};
/* End XCSwiftPackageProductDependency section */
	};
	rootObject = 3901588F2A984424001BF219 /* Project object */;
}
