{
  "pins" : [
    {
      "identity" : "networking",
      "kind" : "remoteSourceControl",
      "location" : "https://github.com/ColinEvans/Networking",
      "state" : {
        "branch" : "develop",
        "revision" : "dff132d93e2dedb797ca9eebf4805e6e1b876188"
      }
    }
  ],
  "version" : 2
}
